
Microsoft Visual Studio Solution File, Format Version 12.00
# Visual Studio Version 17
VisualStudioVersion = 17.11.35303.130
MinimumVisualStudioVersion = 10.0.40219.1
Project("{FAE04EC0-301F-11D3-BF4B-00C04F79EFBC}") = "CTSTools.WEB", "CTSTools.WEB.csproj", "{8A166DBC-3969-47F4-987D-ED03289D319F}"
EndProject
Project("{FAE04EC0-301F-11D3-BF4B-00C04F79EFBC}") = "CTSTools.BLL", "..\CTSTools.BLL\CTSTools.BLL.csproj", "{0935632F-D092-479C-936D-EB5401E975F3}"
EndProject
Project("{FAE04EC0-301F-11D3-BF4B-00C04F79EFBC}") = "CTSTools.DAL", "..\CTSTools.DAL\CTSTools.DAL.csproj", "{173FBF7C-06EE-4919-AF3E-DBA5A592CC23}"
EndProject
Global
	GlobalSection(SolutionConfigurationPlatforms) = preSolution
		Debug|Any CPU = Debug|Any CPU
		Release|Any CPU = Release|Any CPU
	EndGlobalSection
	GlobalSection(ProjectConfigurationPlatforms) = postSolution
		{8A166DBC-3969-47F4-987D-ED03289D319F}.Debug|Any CPU.ActiveCfg = Debug|Any CPU
		{8A166DBC-3969-47F4-987D-ED03289D319F}.Debug|Any CPU.Build.0 = Debug|Any CPU
		{8A166DBC-3969-47F4-987D-ED03289D319F}.Release|Any CPU.ActiveCfg = Release|Any CPU
		{8A166DBC-3969-47F4-987D-ED03289D319F}.Release|Any CPU.Build.0 = Release|Any CPU
		{0935632F-D092-479C-936D-EB5401E975F3}.Debug|Any CPU.ActiveCfg = Debug|Any CPU
		{0935632F-D092-479C-936D-EB5401E975F3}.Debug|Any CPU.Build.0 = Debug|Any CPU
		{0935632F-D092-479C-936D-EB5401E975F3}.Release|Any CPU.ActiveCfg = Release|Any CPU
		{0935632F-D092-479C-936D-EB5401E975F3}.Release|Any CPU.Build.0 = Release|Any CPU
		{173FBF7C-06EE-4919-AF3E-DBA5A592CC23}.Debug|Any CPU.ActiveCfg = Debug|Any CPU
		{173FBF7C-06EE-4919-AF3E-DBA5A592CC23}.Debug|Any CPU.Build.0 = Debug|Any CPU
		{173FBF7C-06EE-4919-AF3E-DBA5A592CC23}.Release|Any CPU.ActiveCfg = Release|Any CPU
		{173FBF7C-06EE-4919-AF3E-DBA5A592CC23}.Release|Any CPU.Build.0 = Release|Any CPU
	EndGlobalSection
	GlobalSection(SolutionProperties) = preSolution
		HideSolutionNode = FALSE
	EndGlobalSection
	GlobalSection(ExtensibilityGlobals) = postSolution
		SolutionGuid = {E2A1138F-B605-40DA-84BD-BB6F91E0FD64}
	EndGlobalSection
EndGlobal
